{"1.1.0",
[{<<"cowboy">>,{pkg,<<"cowboy">>,<<"2.5.0">>},0},
 {<<"cowlib">>,{pkg,<<"cowlib">>,<<"2.6.0">>},1},
 {<<"goldrush">>,{pkg,<<"goldrush">>,<<"0.1.9">>},1},
 {<<"jiffy">>,{pkg,<<"jiffy">>,<<"0.15.2">>},0},
 {<<"lager">>,{pkg,<<"lager">>,<<"3.6.6">>},0},
 {<<"ranch">>,{pkg,<<"ranch">>,<<"1.6.2">>},1}]}.
[
{pkg_hash,[
 {<<"cowboy">>, <<"4EF3AE066EE10FE01EA3272EDC8F024347A0D3EB95F6FBB9AED556DACBFC1337">>},
 {<<"cowlib">>, <<"8AA629F81A0FC189F261DC98A42243FA842625FEEA3C7EC56C48F4CCDB55490F">>},
 {<<"goldrush">>, <<"F06E5D5F1277DA5C413E84D5A2924174182FB108DABB39D5EC548B27424CD106">>},
 {<<"jiffy">>, <<"DE266C390111FD4EA28B9302F0BC3D7472468F3B8E0ACEABFBEFA26D08CD73B7">>},
 {<<"lager">>, <<"23C8F5ABC4189F46804791E16BF6421C14EBC5B529DC113BC54639C6C62F255D">>},
 {<<"ranch">>, <<"6DB93C78F411EE033DBB18BA8234C5574883ACB9A75AF0FB90A9B82EA46AFA00">>}]}
].
